// !$*UTF8*$!
{
	archiveVersion = 1;
	classes = {
	};
	objectVersion = 56;
	objects = {

/* Begin PBXBuildFile section */
		5228E99929D6926D00F4014C /* iwatchDemoApp.swift in Sources */ = {isa = PBXBuildFile; fileRef = 5228E99829D6926D00F4014C /* iwatchDemoApp.swift */; };
		5228E99B29D6926D00F4014C /* ContentView.swift in Sources */ = {isa = PBXBuildFile; fileRef = 5228E99A29D6926D00F4014C /* ContentView.swift */; };
		5228E99D29D6926F00F4014C /* Assets.xcassets in Resources */ = {isa = PBXBuildFile; fileRef = 5228E99C29D6926F00F4014C /* Assets.xcassets */; };
		5228E9A029D6926F00F4014C /* Preview Assets.xcassets in Resources */ = {isa = PBXBuildFile; fileRef = 5228E99F29D6926F00F4014C /* Preview Assets.xcassets */; };
		5228E9AA29D6926F00F4014C /* iwatchDemoTests.swift in Sources */ = {isa = PBXBuildFile; fileRef = 5228E9A929D6926F00F4014C /* iwatchDemoTests.swift */; };
		5228E9B429D6926F00F4014C /* iwatchDemoUITests.swift in Sources */ = {isa = PBXBuildFile; fileRef = 5228E9B329D6926F00F4014C /* iwatchDemoUITests.swift */; };
		5228E9B629D6926F00F4014C /* iwatchDemoUITestsLaunchTests.swift in Sources */ = {isa = PBXBuildFile; fileRef = 5228E9B529D6926F00F4014C /* iwatchDemoUITestsLaunchTests.swift */; };
/* End PBXBuildFile section */

/* Begin PBXContainerItemProxy section */
		5228E9A629D6926F00F4014C /* PBXContainerItemProxy */ = {
			isa = PBXContainerItemProxy;
			containerPortal = 5228E98D29D6926D00F4014C /* Project object */;
			proxyType = 1;
			remoteGlobalIDString = 5228E99429D6926D00F4014C;
			remoteInfo = iwatchDemo;
		};
		5228E9B029D6926F00F4014C /* PBXContainerItemProxy */ = {
			isa = PBXContainerItemProxy;
			containerPortal = 5228E98D29D6926D00F4014C /* Project object */;
			proxyType = 1;
			remoteGlobalIDString = 5228E99429D6926D00F4014C;
			remoteInfo = iwatchDemo;
		};
/* End PBXContainerItemProxy section */

/* Begin PBXFileReference section */
		5228E99529D6926D00F4014C /* iwatchDemo.app */ = {isa = PBXFileReference; explicitFileType = wrapper.application; includeInIndex = 0; path = iwatchDemo.app; sourceTree = BUILT_PRODUCTS_DIR; };
		5228E99829D6926D00F4014C /* iwatchDemoApp.swift */ = {isa = PBXFileReference; lastKnownFileType = sourcecode.swift; path = iwatchDemoApp.swift; sourceTree = "<group>"; };
		5228E99A29D6926D00F4014C /* ContentView.swift */ = {isa = PBXFileReference; lastKnownFileType = sourcecode.swift; path = ContentView.swift; sourceTree = "<group>"; };
		5228E99C29D6926F00F4014C /* Assets.xcassets */ = {isa = PBXFileReference; lastKnownFileType = folder.assetcatalog; path = Assets.xcassets; sourceTree = "<group>"; };
		5228E99F29D6926F00F4014C /* Preview Assets.xcassets */ = {isa = PBXFileReference; lastKnownFileType = folder.assetcatalog; path = "Preview Assets.xcassets"; sourceTree = "<group>"; };
		5228E9A529D6926F00F4014C /* iwatchDemoTests.xctest */ = {isa = PBXFileReference; explicitFileType = wrapper.cfbundle; includeInIndex = 0; path = iwatchDemoTests.xctest; sourceTree = BUILT_PRODUCTS_DIR; };
		5228E9A929D6926F00F4014C /* iwatchDemoTests.swift */ = {isa = PBXFileReference; lastKnownFileType = sourcecode.swift; path = iwatchDemoTests.swift; sourceTree = "<group>"; };
		5228E9AF29D6926F00F4014C /* iwatchDemoUITests.xctest */ = {isa = PBXFileReference; explicitFileType = wrapper.cfbundle; includeInIndex = 0; path = iwatchDemoUITests.xctest; sourceTree = BUILT_PRODUCTS_DIR; };
		5228E9B329D6926F00F4014C /* iwatchDemoUITests.swift */ = {isa = PBXFileReference; lastKnownFileType = sourcecode.swift; path = iwatchDemoUITests.swift; sourceTree = "<group>"; };
		5228E9B529D6926F00F4014C /* iwatchDemoUITestsLaunchTests.swift */ = {isa = PBXFileReference; lastKnownFileType = sourcecode.swift; path = iwatchDemoUITestsLaunchTests.swift; sourceTree = "<group>"; };
/* End PBXFileReference section */

/* Begin PBXFrameworksBuildPhase section */
		5228E99229D6926D00F4014C /* Frameworks */ = {
			isa = PBXFrameworksBuildPhase;
			buildActionMask = 2147483647;
			files = (
			);
			runOnlyForDeploymentPostprocessing = 0;
		};
		5228E9A229D6926F00F4014C /* Frameworks */ = {
			isa = PBXFrameworksBuildPhase;
			buildActionMask = 2147483647;
			files = (
			);
			runOnlyForDeploymentPostprocessing = 0;
		};
		5228E9AC29D6926F00F4014C /* Frameworks */ = {
			isa = PBXFrameworksBuildPhase;
			buildActionMask = 2147483647;
			files = (
			);
			runOnlyForDeploymentPostprocessing = 0;
		};
/* End PBXFrameworksBuildPhase section */

/* Begin PBXGroup section */
		5228E98C29D6926D00F4014C = {
			isa = PBXGroup;
			children = (
				5228E99729D6926D00F4014C /* iwatchDemo */,
				5228E9A829D6926F00F4014C /* iwatchDemoTests */,
				5228E9B229D6926F00F4014C /* iwatchDemoUITests */,
				5228E99629D6926D00F4014C /* Products */,
			);
			sourceTree = "<group>";
		};
		5228E99629D6926D00F4014C /* Products */ = {
			isa = PBXGroup;
			children = (
				5228E99529D6926D00F4014C /* iwatchDemo.app */,
				5228E9A529D6926F00F4014C /* iwatchDemoTests.xctest */,
				5228E9AF29D6926F00F4014C /* iwatchDemoUITests.xctest */,
			);
			name = Products;
			sourceTree = "<group>";
		};
		5228E99729D6926D00F4014C /* iwatchDemo */ = {
			isa = PBXGroup;
			children = (
				5228E99829D6926D00F4014C /* iwatchDemoApp.swift */,
				5228E99A29D6926D00F4014C /* ContentView.swift */,
				5228E99C29D6926F00F4014C /* Assets.xcassets */,
				5228E99E29D6926F00F4014C /* Preview Content */,
			);
			path = iwatchDemo;
			sourceTree = "<group>";
		};
		5228E99E29D6926F00F4014C /* Preview Content */ = {
			isa = PBXGroup;
			children = (
				5228E99F29D6926F00F4014C /* Preview Assets.xcassets */,
			);
			path = "Preview Content";
			sourceTree = "<group>";
		};
		5228E9A829D6926F00F4014C /* iwatchDemoTests */ = {
			isa = PBXGroup;
			children = (
				5228E9A929D6926F00F4014C /* iwatchDemoTests.swift */,
			);
			path = iwatchDemoTests;
			sourceTree = "<group>";
		};
		5228E9B229D6926F00F4014C /* iwatchDemoUITests */ = {
			isa = PBXGroup;
			children = (
				5228E9B329D6926F00F4014C /* iwatchDemoUITests.swift */,
				5228E9B529D6926F00F4014C /* iwatchDemoUITestsLaunchTests.swift */,
			);
			path = iwatchDemoUITests;
			sourceTree = "<group>";
		};
/* End PBXGroup section */

/* Begin PBXNativeTarget section */
		5228E99429D6926D00F4014C /* iwatchDemo */ = {
			isa = PBXNativeTarget;
			buildConfigurationList = 5228E9B929D6926F00F4014C /* Build configuration list for PBXNativeTarget "iwatchDemo" */;
			buildPhases = (
				5228E99129D6926D00F4014C /* Sources */,
				5228E99229D6926D00F4014C /* Frameworks */,
				5228E99329D6926D00F4014C /* Resources */,
			);
			buildRules = (
			);
			dependencies = (
			);
			name = iwatchDemo;
			productName = iwatchDemo;
			productReference = 5228E99529D6926D00F4014C /* iwatchDemo.app */;
			productType = "com.apple.product-type.application";
		};
		5228E9A429D6926F00F4014C /* iwatchDemoTests */ = {
			isa = PBXNativeTarget;
			buildConfigurationList = 5228E9BC29D6926F00F4014C /* Build configuration list for PBXNativeTarget "iwatchDemoTests" */;
			buildPhases = (
				5228E9A129D6926F00F4014C /* Sources */,
				5228E9A229D6926F00F4014C /* Frameworks */,
				5228E9A329D6926F00F4014C /* Resources */,
			);
			buildRules = (
			);
			dependencies = (
				5228E9A729D6926F00F4014C /* PBXTargetDependency */,
			);
			name = iwatchDemoTests;
			productName = iwatchDemoTests;
			productReference = 5228E9A529D6926F00F4014C /* iwatchDemoTests.xctest */;
			productType = "com.apple.product-type.bundle.unit-test";
		};
		5228E9AE29D6926F00F4014C /* iwatchDemoUITests */ = {
			isa = PBXNativeTarget;
			buildConfigurationList = 5228E9BF29D6926F00F4014C /* Build configuration list for PBXNativeTarget "iwatchDemoUITests" */;
			buildPhases = (
				5228E9AB29D6926F00F4014C /* Sources */,
				5228E9AC29D6926F00F4014C /* Frameworks */,
				5228E9AD29D6926F00F4014C /* Resources */,
			);
			buildRules = (
			);
			dependencies = (
				5228E9B129D6926F00F4014C /* PBXTargetDependency */,
			);
			name = iwatchDemoUITests;
			productName = iwatchDemoUITests;
			productReference = 5228E9AF29D6926F00F4014C /* iwatchDemoUITests.xctest */;
			productType = "com.apple.product-type.bundle.ui-testing";
		};
/* End PBXNativeTarget section */

/* Begin PBXProject section */
		5228E98D29D6926D00F4014C /* Project object */ = {
			isa = PBXProject;
			attributes = {
				BuildIndependentTargetsInParallel = 1;
				LastSwiftUpdateCheck = 1420;
				LastUpgradeCheck = 1420;
				TargetAttributes = {
					5228E99429D6926D00F4014C = {
						CreatedOnToolsVersion = 14.2;
					};
					5228E9A429D6926F00F4014C = {
						CreatedOnToolsVersion = 14.2;
						TestTargetID = 5228E99429D6926D00F4014C;
					};
					5228E9AE29D6926F00F4014C = {
						CreatedOnToolsVersion = 14.2;
						TestTargetID = 5228E99429D6926D00F4014C;
					};
				};
			};
			buildConfigurationList = 5228E99029D6926D00F4014C /* Build configuration list for PBXProject "iwatchDemo" */;
			compatibilityVersion = "Xcode 14.0";
			developmentRegion = en;
			hasScannedForEncodings = 0;
			knownRegions = (
				en,
				Base,
			);
			mainGroup = 5228E98C29D6926D00F4014C;
			productRefGroup = 5228E99629D6926D00F4014C /* Products */;
			projectDirPath = "";
			projectRoot = "";
			targets = (
				5228E99429D6926D00F4014C /* iwatchDemo */,
				5228E9A429D6926F00F4014C /* iwatchDemoTests */,
				5228E9AE29D6926F00F4014C /* iwatchDemoUITests */,
			);
		};
/* End PBXProject section */

/* Begin PBXResourcesBuildPhase section */
		5228E99329D6926D00F4014C /* Resources */ = {
			isa = PBXResourcesBuildPhase;
			buildActionMask = 2147483647;
			files = (
				5228E9A029D6926F00F4014C /* Preview Assets.xcassets in Resources */,
				5228E99D29D6926F00F4014C /* Assets.xcassets in Resources */,
			);
			runOnlyForDeploymentPostprocessing = 0;
		};
		5228E9A329D6926F00F4014C /* Resources */ = {
			isa = PBXResourcesBuildPhase;
			buildActionMask = 2147483647;
			files = (
			);
			runOnlyForDeploymentPostprocessing = 0;
		};
		5228E9AD29D6926F00F4014C /* Resources */ = {
			isa = PBXResourcesBuildPhase;
			buildActionMask = 2147483647;
			files = (
			);
			runOnlyForDeploymentPostprocessing = 0;
		};
/* End PBXResourcesBuildPhase section */

/* Begin PBXSourcesBuildPhase section */
		5228E99129D6926D00F4014C /* Sources */ = {
			isa = PBXSourcesBuildPhase;
			buildActionMask = 2147483647;
			files = (
				5228E99B29D6926D00F4014C /* ContentView.swift in Sources */,
				5228E99929D6926D00F4014C /* iwatchDemoApp.swift in Sources */,
			);
			runOnlyForDeploymentPostprocessing = 0;
		};
		5228E9A129D6926F00F4014C /* Sources */ = {
			isa = PBXSourcesBuildPhase;
			buildActionMask = 2147483647;
			files = (
				5228E9AA29D6926F00F4014C /* iwatchDemoTests.swift in Sources */,
			);
			runOnlyForDeploymentPostprocessing = 0;
		};
		5228E9AB29D6926F00F4014C /* Sources */ = {
			isa = PBXSourcesBuildPhase;
			buildActionMask = 2147483647;
			files = (
				5228E9B429D6926F00F4014C /* iwatchDemoUITests.swift in Sources */,
				5228E9B629D6926F00F4014C /* iwatchDemoUITestsLaunchTests.swift in Sources */,
			);
			runOnlyForDeploymentPostprocessing = 0;
		};
/* End PBXSourcesBuildPhase section */

/* Begin PBXTargetDependency section */
		5228E9A729D6926F00F4014C /* PBXTargetDependency */ = {
			isa = PBXTargetDependency;
			target = 5228E99429D6926D00F4014C /* iwatchDemo */;
			targetProxy = 5228E9A629D6926F00F4014C /* PBXContainerItemProxy */;
		};
		5228E9B129D6926F00F4014C /* PBXTargetDependency */ = {
			isa = PBXTargetDependency;
			target = 5228E99429D6926D00F4014C /* iwatchDemo */;
			targetProxy = 5228E9B029D6926F00F4014C /* PBXContainerItemProxy */;
		};
/* End PBXTargetDependency section */

/* Begin XCBuildConfiguration section */
		5228E9B729D6926F00F4014C /* Debug */ = {
			isa = XCBuildConfiguration;
			buildSettings = {
				ALWAYS_SEARCH_USER_PATHS = NO;
				CLANG_ANALYZER_NONNULL = YES;
				CLANG_ANALYZER_NUMBER_OBJECT_CONVERSION = YES_AGGRESSIVE;
				CLANG_CXX_LANGUAGE_STANDARD = "gnu++20";
				CLANG_ENABLE_MODULES = YES;
				CLANG_ENABLE_OBJC_ARC = YES;
				CLANG_ENABLE_OBJC_WEAK = YES;
				CLANG_WARN_BLOCK_CAPTURE_AUTORELEASING = YES;
				CLANG_WARN_BOOL_CONVERSION = YES;
				CLANG_WARN_COMMA = YES;
				CLANG_WARN_CONSTANT_CONVERSION = YES;
				CLANG_WARN_DEPRECATED_OBJC_IMPLEMENTATIONS = YES;
				CLANG_WARN_DIRECT_OBJC_ISA_USAGE = YES_ERROR;
				CLANG_WARN_DOCUMENTATION_COMMENTS = YES;
				CLANG_WARN_EMPTY_BODY = YES;
				CLANG_WARN_ENUM_CONVERSION = YES;
				CLANG_WARN_INFINITE_RECURSION = YES;
				CLANG_WARN_INT_CONVERSION = YES;
				CLANG_WARN_NON_LITERAL_NULL_CONVERSION = YES;
				CLANG_WARN_OBJC_IMPLICIT_RETAIN_SELF = YES;
				CLANG_WARN_OBJC_LITERAL_CONVERSION = YES;
				CLANG_WARN_OBJC_ROOT_CLASS = YES_ERROR;
				CLANG_WARN_QUOTED_INCLUDE_IN_FRAMEWORK_HEADER = YES;
				CLANG_WARN_RANGE_LOOP_ANALYSIS = YES;
				CLANG_WARN_STRICT_PROTOTYPES = YES;
				CLANG_WARN_SUSPICIOUS_MOVE = YES;
				CLANG_WARN_UNGUARDED_AVAILABILITY = YES_AGGRESSIVE;
				CLANG_WARN_UNREACHABLE_CODE = YES;
				CLANG_WARN__DUPLICATE_METHOD_MATCH = YES;
				COPY_PHASE_STRIP = NO;
				DEBUG_INFORMATION_FORMAT = dwarf;
				ENABLE_STRICT_OBJC_MSGSEND = YES;
				ENABLE_TESTABILITY = YES;
				GCC_C_LANGUAGE_STANDARD = gnu11;
				GCC_DYNAMIC_NO_PIC = NO;
				GCC_NO_COMMON_BLOCKS = YES;
				GCC_OPTIMIZATION_LEVEL = 0;
				GCC_PREPROCESSOR_DEFINITIONS = (
					"DEBUG=1",
					"$(inherited)",
				);
				GCC_WARN_64_TO_32_BIT_CONVERSION = YES;
				GCC_WARN_ABOUT_RETURN_TYPE = YES_ERROR;
				GCC_WARN_UNDECLARED_SELECTOR = YES;
				GCC_WARN_UNINITIALIZED_AUTOS = YES_AGGRESSIVE;
				GCC_WARN_UNUSED_FUNCTION = YES;
				GCC_WARN_UNUSED_VARIABLE = YES;
				IPHONEOS_DEPLOYMENT_TARGET = 16.2;
				MTL_ENABLE_DEBUG_INFO = INCLUDE_SOURCE;
				MTL_FAST_MATH = YES;
				ONLY_ACTIVE_ARCH = YES;
				SDKROOT = iphoneos;
				SWIFT_ACTIVE_COMPILATION_CONDITIONS = DEBUG;
				SWIFT_OPTIMIZATION_LEVEL = "-Onone";
			};
			name = Debug;
		};
		5228E9B829D6926F00F4014C /* Release */ = {
			isa = XCBuildConfiguration;
			buildSettings = {
				ALWAYS_SEARCH_USER_PATHS = NO;
				CLANG_ANALYZER_NONNULL = YES;
				CLANG_ANALYZER_NUMBER_OBJECT_CONVERSION = YES_AGGRESSIVE;
				CLANG_CXX_LANGUAGE_STANDARD = "gnu++20";
				CLANG_ENABLE_MODULES = YES;
				CLANG_ENABLE_OBJC_ARC = YES;
				CLANG_ENABLE_OBJC_WEAK = YES;
				CLANG_WARN_BLOCK_CAPTURE_AUTORELEASING = YES;
				CLANG_WARN_BOOL_CONVERSION = YES;
				CLANG_WARN_COMMA = YES;
				CLANG_WARN_CONSTANT_CONVERSION = YES;
				CLANG_WARN_DEPRECATED_OBJC_IMPLEMENTATIONS = YES;
				CLANG_WARN_DIRECT_OBJC_ISA_USAGE = YES_ERROR;
				CLANG_WARN_DOCUMENTATION_COMMENTS = YES;
				CLANG_WARN_EMPTY_BODY = YES;
				CLANG_WARN_ENUM_CONVERSION = YES;
				CLANG_WARN_INFINITE_RECURSION = YES;
				CLANG_WARN_INT_CONVERSION = YES;
				CLANG_WARN_NON_LITERAL_NULL_CONVERSION = YES;
				CLANG_WARN_OBJC_IMPLICIT_RETAIN_SELF = YES;
				CLANG_WARN_OBJC_LITERAL_CONVERSION = YES;
				CLANG_WARN_OBJC_ROOT_CLASS = YES_ERROR;
				CLANG_WARN_QUOTED_INCLUDE_IN_FRAMEWORK_HEADER = YES;
				CLANG_WARN_RANGE_LOOP_ANALYSIS = YES;
				CLANG_WARN_STRICT_PROTOTYPES = YES;
				CLANG_WARN_SUSPICIOUS_MOVE = YES;
				CLANG_WARN_UNGUARDED_AVAILABILITY = YES_AGGRESSIVE;
				CLANG_WARN_UNREACHABLE_CODE = YES;
				CLANG_WARN__DUPLICATE_METHOD_MATCH = YES;
				COPY_PHASE_STRIP = NO;
				DEBUG_INFORMATION_FORMAT = "dwarf-with-dsym";
				ENABLE_NS_ASSERTIONS = NO;
				ENABLE_STRICT_OBJC_MSGSEND = YES;
				GCC_C_LANGUAGE_STANDARD = gnu11;
				GCC_NO_COMMON_BLOCKS = YES;
				GCC_WARN_64_TO_32_BIT_CONVERSION = YES;
				GCC_WARN_ABOUT_RETURN_TYPE = YES_ERROR;
				GCC_WARN_UNDECLARED_SELECTOR = YES;
				GCC_WARN_UNINITIALIZED_AUTOS = YES_AGGRESSIVE;
				GCC_WARN_UNUSED_FUNCTION = YES;
				GCC_WARN_UNUSED_VARIABLE = YES;
				IPHONEOS_DEPLOYMENT_TARGET = 16.2;
				MTL_ENABLE_DEBUG_INFO = NO;
				MTL_FAST_MATH = YES;
				SDKROOT = iphoneos;
				SWIFT_COMPILATION_MODE = wholemodule;
				SWIFT_OPTIMIZATION_LEVEL = "-O";
				VALIDATE_PRODUCT = YES;
			};
			name = Release;
		};
		5228E9BA29D6926F00F4014C /* Debug */ = {
			isa = XCBuildConfiguration;
			buildSettings = {
				ASSETCATALOG_COMPILER_APPICON_NAME = AppIcon;
				ASSETCATALOG_COMPILER_GLOBAL_ACCENT_COLOR_NAME = AccentColor;
				CODE_SIGN_STYLE = Automatic;
				CURRENT_PROJECT_VERSION = 1;
				DEVELOPMENT_ASSET_PATHS = "\"iwatchDemo/Preview Content\"";
				DEVELOPMENT_TEAM = 84HNU4YAPZ;
				ENABLE_PREVIEWS = YES;
				GENERATE_INFOPLIST_FILE = YES;
				INFOPLIST_KEY_UIApplicationSceneManifest_Generation = YES;
				INFOPLIST_KEY_UIApplicationSupportsIndirectInputEvents = YES;
				INFOPLIST_KEY_UILaunchScreen_Generation = YES;
				INFOPLIST_KEY_UISupportedInterfaceOrientations_iPad = "UIInterfaceOrientationPortrait UIInterfaceOrientationPortraitUpsideDown UIInterfaceOrientationLandscapeLeft UIInterfaceOrientationLandscapeRight";
				INFOPLIST_KEY_UISupportedInterfaceOrientations_iPhone = "UIInterfaceOrientationPortrait UIInterfaceOrientationLandscapeLeft UIInterfaceOrientationLandscapeRight";
				LD_RUNPATH_SEARCH_PATHS = (
					"$(inherited)",
					"@executable_path/Frameworks",
				);
				MARKETING_VERSION = 1.0;
				PRODUCT_BUNDLE_IDENTIFIER = com.test.iwatchDemo;
				PRODUCT_NAME = "$(TARGET_NAME)";
				SWIFT_EMIT_LOC_STRINGS = YES;
				SWIFT_VERSION = 5.0;
				TARGETED_DEVICE_FAMILY = "1,2";
			};
			name = Debug;
		};
		5228E9BB29D6926F00F4014C /* Release */ = {
			isa = XCBuildConfiguration;
			buildSettings = {
				ASSETCATALOG_COMPILER_APPICON_NAME = AppIcon;
				ASSETCATALOG_COMPILER_GLOBAL_ACCENT_COLOR_NAME = AccentColor;
				CODE_SIGN_STYLE = Automatic;
				CURRENT_PROJECT_VERSION = 1;
				DEVELOPMENT_ASSET_PATHS = "\"iwatchDemo/Preview Content\"";
				DEVELOPMENT_TEAM = 84HNU4YAPZ;
				ENABLE_PREVIEWS = YES;
				GENERATE_INFOPLIST_FILE = YES;
				INFOPLIST_KEY_UIApplicationSceneManifest_Generation = YES;
				INFOPLIST_KEY_UIApplicationSupportsIndirectInputEvents = YES;
				INFOPLIST_KEY_UILaunchScreen_Generation = YES;
				INFOPLIST_KEY_UISupportedInterfaceOrientations_iPad = "UIInterfaceOrientationPortrait UIInterfaceOrientationPortraitUpsideDown UIInterfaceOrientationLandscapeLeft UIInterfaceOrientationLandscapeRight";
				INFOPLIST_KEY_UISupportedInterfaceOrientations_iPhone = "UIInterfaceOrientationPortrait UIInterfaceOrientationLandscapeLeft UIInterfaceOrientationLandscapeRight";
				LD_RUNPATH_SEARCH_PATHS = (
					"$(inherited)",
					"@executable_path/Frameworks",
				);
				MARKETING_VERSION = 1.0;
				PRODUCT_BUNDLE_IDENTIFIER = com.test.iwatchDemo;
				PRODUCT_NAME = "$(TARGET_NAME)";
				SWIFT_EMIT_LOC_STRINGS = YES;
				SWIFT_VERSION = 5.0;
				TARGETED_DEVICE_FAMILY = "1,2";
			};
			name = Release;
		};
		5228E9BD29D6926F00F4014C /* Debug */ = {
			isa = XCBuildConfiguration;
			buildSettings = {
				ALWAYS_EMBED_SWIFT_STANDARD_LIBRARIES = YES;
				BUNDLE_LOADER = "$(TEST_HOST)";
				CODE_SIGN_STYLE = Automatic;
				CURRENT_PROJECT_VERSION = 1;
				DEVELOPMENT_TEAM = 84HNU4YAPZ;
				GENERATE_INFOPLIST_FILE = YES;
				IPHONEOS_DEPLOYMENT_TARGET = 16.2;
				MARKETING_VERSION = 1.0;
				PRODUCT_BUNDLE_IDENTIFIER = com.test.iwatchDemoTests;
				PRODUCT_NAME = "$(TARGET_NAME)";
				SWIFT_EMIT_LOC_STRINGS = NO;
				SWIFT_VERSION = 5.0;
				TARGETED_DEVICE_FAMILY = "1,2";
				TEST_HOST = "$(BUILT_PRODUCTS_DIR)/iwatchDemo.app/$(BUNDLE_EXECUTABLE_FOLDER_PATH)/iwatchDemo";
			};
			name = Debug;
		};
		5228E9BE29D6926F00F4014C /* Release */ = {
			isa = XCBuildConfiguration;
			buildSettings = {
				ALWAYS_EMBED_SWIFT_STANDARD_LIBRARIES = YES;
				BUNDLE_LOADER = "$(TEST_HOST)";
				CODE_SIGN_STYLE = Automatic;
				CURRENT_PROJECT_VERSION = 1;
				DEVELOPMENT_TEAM = 84HNU4YAPZ;
				GENERATE_INFOPLIST_FILE = YES;
				IPHONEOS_DEPLOYMENT_TARGET = 16.2;
				MARKETING_VERSION = 1.0;
				PRODUCT_BUNDLE_IDENTIFIER = com.test.iwatchDemoTests;
				PRODUCT_NAME = "$(TARGET_NAME)";
				SWIFT_EMIT_LOC_STRINGS = NO;
				SWIFT_VERSION = 5.0;
				TARGETED_DEVICE_FAMILY = "1,2";
				TEST_HOST = "$(BUILT_PRODUCTS_DIR)/iwatchDemo.app/$(BUNDLE_EXECUTABLE_FOLDER_PATH)/iwatchDemo";
			};
			name = Release;
		};
		5228E9C029D6926F00F4014C /* Debug */ = {
			isa = XCBuildConfiguration;
			buildSettings = {
				ALWAYS_EMBED_SWIFT_STANDARD_LIBRARIES = YES;
				CODE_SIGN_STYLE = Automatic;
				CURRENT_PROJECT_VERSION = 1;
				DEVELOPMENT_TEAM = 84HNU4YAPZ;
				GENERATE_INFOPLIST_FILE = YES;
				MARKETING_VERSION = 1.0;
				PRODUCT_BUNDLE_IDENTIFIER = com.test.iwatchDemoUITests;
				PRODUCT_NAME = "$(TARGET_NAME)";
				SWIFT_EMIT_LOC_STRINGS = NO;
				SWIFT_VERSION = 5.0;
				TARGETED_DEVICE_FAMILY = "1,2";
				TEST_TARGET_NAME = iwatchDemo;
			};
			name = Debug;
		};
		5228E9C129D6926F00F4014C /* Release */ = {
			isa = XCBuildConfiguration;
			buildSettings = {
				ALWAYS_EMBED_SWIFT_STANDARD_LIBRARIES = YES;
				CODE_SIGN_STYLE = Automatic;
				CURRENT_PROJECT_VERSION = 1;
				DEVELOPMENT_TEAM = 84HNU4YAPZ;
				GENERATE_INFOPLIST_FILE = YES;
				MARKETING_VERSION = 1.0;
				PRODUCT_BUNDLE_IDENTIFIER = com.test.iwatchDemoUITests;
				PRODUCT_NAME = "$(TARGET_NAME)";
				SWIFT_EMIT_LOC_STRINGS = NO;
				SWIFT_VERSION = 5.0;
				TARGETED_DEVICE_FAMILY = "1,2";
				TEST_TARGET_NAME = iwatchDemo;
			};
			name = Release;
		};
/* End XCBuildConfiguration section */

/* Begin XCConfigurationList section */
		5228E99029D6926D00F4014C /* Build configuration list for PBXProject "iwatchDemo" */ = {
			isa = XCConfigurationList;
			buildConfigurations = (
				5228E9B729D6926F00F4014C /* Debug */,
				5228E9B829D6926F00F4014C /* Release */,
			);
			defaultConfigurationIsVisible = 0;
			defaultConfigurationName = Release;
		};
		5228E9B929D6926F00F4014C /* Build configuration list for PBXNativeTarget "iwatchDemo" */ = {
			isa = XCConfigurationList;
			buildConfigurations = (
				5228E9BA29D6926F00F4014C /* Debug */,
				5228E9BB29D6926F00F4014C /* Release */,
			);
			defaultConfigurationIsVisible = 0;
			defaultConfigurationName = Release;
		};
		5228E9BC29D6926F00F4014C /* Build configuration list for PBXNativeTarget "iwatchDemoTests" */ = {
			isa = XCConfigurationList;
			buildConfigurations = (
				5228E9BD29D6926F00F4014C /* Debug */,
				5228E9BE29D6926F00F4014C /* Release */,
			);
			defaultConfigurationIsVisible = 0;
			defaultConfigurationName = Release;
		};
		5228E9BF29D6926F00F4014C /* Build configuration list for PBXNativeTarget "iwatchDemoUITests" */ = {
			isa = XCConfigurationList;
			buildConfigurations = (
				5228E9C029D6926F00F4014C /* Debug */,
				5228E9C129D6926F00F4014C /* Release */,
			);
			defaultConfigurationIsVisible = 0;
			defaultConfigurationName = Release;
		};
/* End XCConfigurationList section */
	};
	rootObject = 5228E98D29D6926D00F4014C /* Project object */;
}
